
Microsoft Visual Studio Solution File, Format Version 12.00
# Visual Studio Version 16
VisualStudioVersion = 16.0.31019.35
MinimumVisualStudioVersion = 10.0.40219.1
Project("{159641D6-6404-4A2A-AE62-294DE0FE8301}") = "MyIntegration", "MyIntegration\MyIntegration.dtproj", "{60E78AB0-3106-495D-A254-98CD99E7F108}"
EndProject
Global
	GlobalSection(SolutionConfigurationPlatforms) = preSolution
		Development|Default = Development|Default
	EndGlobalSection
	GlobalSection(ProjectConfigurationPlatforms) = postSolution
		{60E78AB0-3106-495D-A254-98CD99E7F108}.Development|Default.ActiveCfg = Development
		{60E78AB0-3106-495D-A254-98CD99E7F108}.Development|Default.Build.0 = Development
	EndGlobalSection
	GlobalSection(SolutionProperties) = preSolution
		HideSolutionNode = FALSE
	EndGlobalSection
	GlobalSection(ExtensibilityGlobals) = postSolution
		SolutionGuid = {646C72D4-6E80-48F2-974C-4D19FA77CDA5}
	EndGlobalSection
EndGlobal
