
Microsoft Visual Studio Solution File, Format Version 12.00
# Visual Studio Version 16
VisualStudioVersion = 16.0.31019.35
MinimumVisualStudioVersion = 10.0.40219.1
Project("{159641D6-6404-4A2A-AE62-294DE0FE8301}") = "ContainerSample", "ContainerSample\ContainerSample.dtproj", "{6E01CE88-9FD9-4650-A3D9-014F35425BD0}"
EndProject
Global
	GlobalSection(SolutionConfigurationPlatforms) = preSolution
		Development|Default = Development|Default
	EndGlobalSection
	GlobalSection(ProjectConfigurationPlatforms) = postSolution
		{6E01CE88-9FD9-4650-A3D9-014F35425BD0}.Development|Default.ActiveCfg = Development
		{6E01CE88-9FD9-4650-A3D9-014F35425BD0}.Development|Default.Build.0 = Development
	EndGlobalSection
	GlobalSection(SolutionProperties) = preSolution
		HideSolutionNode = FALSE
	EndGlobalSection
	GlobalSection(ExtensibilityGlobals) = postSolution
		SolutionGuid = {76FB82C4-3DF6-45CC-92DF-D3262F84C239}
	EndGlobalSection
EndGlobal
