
Microsoft Visual Studio Solution File, Format Version 12.00
# Visual Studio Version 16
VisualStudioVersion = 16.0.31112.23
MinimumVisualStudioVersion = 10.0.40219.1
Project("{2150E333-8FDC-42A3-9474-1A3956D46DE8}") = "SSIS", "SSIS", "{63169141-DEF2-439E-A9D8-C3CD3C4086CF}"
EndProject
Project("{2150E333-8FDC-42A3-9474-1A3956D46DE8}") = "SSRS", "SSRS", "{D1418A01-3887-40F2-8023-AD12139817E3}"
EndProject
Project("{2150E333-8FDC-42A3-9474-1A3956D46DE8}") = "SSAS", "SSAS", "{388913BB-8485-4DE9-B0AA-8F678CCB70DD}"
EndProject
Project("{2150E333-8FDC-42A3-9474-1A3956D46DE8}") = "Examples", "Examples", "{36D28996-5CC8-4ECF-8C90-394070543997}"
EndProject
Project("{159641D6-6404-4A2A-AE62-294DE0FE8301}") = "Merge_Join_Concatenation", "SSIS\Examples\Merge_Join_Concatenation\Merge_Join_Concatenation.dtproj", "{90F627DF-6B43-4FF0-A234-F0B42143BA08}"
EndProject
Project("{159641D6-6404-4A2A-AE62-294DE0FE8301}") = "Sync_Table_Join", "SSIS\Examples\Sync_Table_Join\Sync_Table_Join.dtproj", "{256D3DD7-561E-44E7-91E7-C67C318FCC46}"
EndProject
Project("{159641D6-6404-4A2A-AE62-294DE0FE8301}") = "SQL_Transactions", "SSIS\Examples\SQL_Transactions\SQL_Transactions.dtproj", "{1D4CA0A3-94AA-42C1-BF21-060F9FC51C2C}"
EndProject
Project("{159641D6-6404-4A2A-AE62-294DE0FE8301}") = "FileLooping", "SSIS\Examples\FileLooping\FileLooping.dtproj", "{E4219E0B-E0E5-434C-8FC1-F59E4F5AE019}"
EndProject
Project("{159641D6-6404-4A2A-AE62-294DE0FE8301}") = "PackageConfiguration", "PackageConfiguration\PackageConfiguration.dtproj", "{0EAEADA3-7974-4B93-B538-95A3E4048B12}"
EndProject
Project("{159641D6-6404-4A2A-AE62-294DE0FE8301}") = "Northwind_SSIS", "Northwind_SSIS\Northwind_SSIS.dtproj", "{646D2C88-BB3D-4EFE-9C03-F6889B09B842}"
EndProject
Project("{159641D6-6404-4A2A-AE62-294DE0FE8301}") = "CustomMessage_SSIS", "CustomMessage_SSIS\CustomMessage_SSIS.dtproj", "{75C1ACBC-9348-4B08-9A9A-CE672D053BE7}"
EndProject
Global
	GlobalSection(SolutionConfigurationPlatforms) = preSolution
		Development|Default = Development|Default
	EndGlobalSection
	GlobalSection(ProjectConfigurationPlatforms) = postSolution
		{90F627DF-6B43-4FF0-A234-F0B42143BA08}.Development|Default.ActiveCfg = Development
		{90F627DF-6B43-4FF0-A234-F0B42143BA08}.Development|Default.Build.0 = Development
		{256D3DD7-561E-44E7-91E7-C67C318FCC46}.Development|Default.ActiveCfg = Development
		{256D3DD7-561E-44E7-91E7-C67C318FCC46}.Development|Default.Build.0 = Development
		{1D4CA0A3-94AA-42C1-BF21-060F9FC51C2C}.Development|Default.ActiveCfg = Development
		{1D4CA0A3-94AA-42C1-BF21-060F9FC51C2C}.Development|Default.Build.0 = Development
		{E4219E0B-E0E5-434C-8FC1-F59E4F5AE019}.Development|Default.ActiveCfg = Development
		{E4219E0B-E0E5-434C-8FC1-F59E4F5AE019}.Development|Default.Build.0 = Development
		{0EAEADA3-7974-4B93-B538-95A3E4048B12}.Development|Default.ActiveCfg = Development
		{0EAEADA3-7974-4B93-B538-95A3E4048B12}.Development|Default.Build.0 = Development
		{646D2C88-BB3D-4EFE-9C03-F6889B09B842}.Development|Default.ActiveCfg = Development
		{646D2C88-BB3D-4EFE-9C03-F6889B09B842}.Development|Default.Build.0 = Development
		{75C1ACBC-9348-4B08-9A9A-CE672D053BE7}.Development|Default.ActiveCfg = Development
		{75C1ACBC-9348-4B08-9A9A-CE672D053BE7}.Development|Default.Build.0 = Development
	EndGlobalSection
	GlobalSection(SolutionProperties) = preSolution
		HideSolutionNode = FALSE
	EndGlobalSection
	GlobalSection(NestedProjects) = preSolution
		{36D28996-5CC8-4ECF-8C90-394070543997} = {63169141-DEF2-439E-A9D8-C3CD3C4086CF}
		{90F627DF-6B43-4FF0-A234-F0B42143BA08} = {36D28996-5CC8-4ECF-8C90-394070543997}
		{256D3DD7-561E-44E7-91E7-C67C318FCC46} = {36D28996-5CC8-4ECF-8C90-394070543997}
		{1D4CA0A3-94AA-42C1-BF21-060F9FC51C2C} = {36D28996-5CC8-4ECF-8C90-394070543997}
		{E4219E0B-E0E5-434C-8FC1-F59E4F5AE019} = {36D28996-5CC8-4ECF-8C90-394070543997}
		{0EAEADA3-7974-4B93-B538-95A3E4048B12} = {36D28996-5CC8-4ECF-8C90-394070543997}
		{646D2C88-BB3D-4EFE-9C03-F6889B09B842} = {36D28996-5CC8-4ECF-8C90-394070543997}
		{75C1ACBC-9348-4B08-9A9A-CE672D053BE7} = {36D28996-5CC8-4ECF-8C90-394070543997}
	EndGlobalSection
	GlobalSection(ExtensibilityGlobals) = postSolution
		SolutionGuid = {F99E97C1-DDDC-4EF1-AEBE-DD4CBB7E9BF1}
	EndGlobalSection
EndGlobal
