
Microsoft Visual Studio Solution File, Format Version 12.00
# Visual Studio Version 16
VisualStudioVersion = 16.0.31019.35
MinimumVisualStudioVersion = 10.0.40219.1
Project("{159641D6-6404-4A2A-AE62-294DE0FE8301}") = "FTPTaskSample", "FTPTaskSample\FTPTaskSample.dtproj", "{B69DC72F-0697-4252-9E20-10E459DA90BE}"
EndProject
Global
	GlobalSection(SolutionConfigurationPlatforms) = preSolution
		Development|Default = Development|Default
	EndGlobalSection
	GlobalSection(ProjectConfigurationPlatforms) = postSolution
		{B69DC72F-0697-4252-9E20-10E459DA90BE}.Development|Default.ActiveCfg = Development
		{B69DC72F-0697-4252-9E20-10E459DA90BE}.Development|Default.Build.0 = Development
	EndGlobalSection
	GlobalSection(SolutionProperties) = preSolution
		HideSolutionNode = FALSE
	EndGlobalSection
	GlobalSection(ExtensibilityGlobals) = postSolution
		SolutionGuid = {57F2254E-3273-48F7-A8A7-D3515E5CB6BF}
	EndGlobalSection
EndGlobal
