
Microsoft Visual Studio Solution File, Format Version 12.00
# Visual Studio Version 16
VisualStudioVersion = 16.0.31112.23
MinimumVisualStudioVersion = 10.0.40219.1
Project("{159641D6-6404-4A2A-AE62-294DE0FE8301}") = "RowSamplingSample", "RowSamplingSample\RowSamplingSample.dtproj", "{D8A5166F-0978-4AA3-8F2C-EFA66B775C8B}"
EndProject
Global
	GlobalSection(SolutionConfigurationPlatforms) = preSolution
		Development|Default = Development|Default
	EndGlobalSection
	GlobalSection(ProjectConfigurationPlatforms) = postSolution
		{D8A5166F-0978-4AA3-8F2C-EFA66B775C8B}.Development|Default.ActiveCfg = Development
		{D8A5166F-0978-4AA3-8F2C-EFA66B775C8B}.Development|Default.Build.0 = Development
	EndGlobalSection
	GlobalSection(SolutionProperties) = preSolution
		HideSolutionNode = FALSE
	EndGlobalSection
	GlobalSection(ExtensibilityGlobals) = postSolution
		SolutionGuid = {DA6459E7-EFDD-4897-AA7A-E9DFBF8F444B}
	EndGlobalSection
EndGlobal
