
Microsoft Visual Studio Solution File, Format Version 12.00
# Visual Studio Version 16
VisualStudioVersion = 16.0.31019.35
MinimumVisualStudioVersion = 10.0.40219.1
Project("{159641D6-6404-4A2A-AE62-294DE0FE8301}") = "SSISSample", "SSISSample\SSISSample.dtproj", "{EC7D17F4-4BEE-46C7-8E02-A16AA96EA997}"
EndProject
Global
	GlobalSection(SolutionConfigurationPlatforms) = preSolution
		Development|Default = Development|Default
	EndGlobalSection
	GlobalSection(ProjectConfigurationPlatforms) = postSolution
		{EC7D17F4-4BEE-46C7-8E02-A16AA96EA997}.Development|Default.ActiveCfg = Development
		{EC7D17F4-4BEE-46C7-8E02-A16AA96EA997}.Development|Default.Build.0 = Development
	EndGlobalSection
	GlobalSection(SolutionProperties) = preSolution
		HideSolutionNode = FALSE
	EndGlobalSection
	GlobalSection(ExtensibilityGlobals) = postSolution
		SolutionGuid = {CDBDC6F6-64D9-4734-9A9E-340F60541788}
	EndGlobalSection
EndGlobal
