
Microsoft Visual Studio Solution File, Format Version 12.00
# Visual Studio Version 16
VisualStudioVersion = 16.0.31019.35
MinimumVisualStudioVersion = 10.0.40219.1
Project("{159641D6-6404-4A2A-AE62-294DE0FE8301}") = "AuditSample", "AuditSample\AuditSample.dtproj", "{19C5DB90-C7F5-4AF2-AEA2-F90967BFF59A}"
EndProject
Global
	GlobalSection(SolutionConfigurationPlatforms) = preSolution
		Development|Default = Development|Default
	EndGlobalSection
	GlobalSection(ProjectConfigurationPlatforms) = postSolution
		{19C5DB90-C7F5-4AF2-AEA2-F90967BFF59A}.Development|Default.ActiveCfg = Development
		{19C5DB90-C7F5-4AF2-AEA2-F90967BFF59A}.Development|Default.Build.0 = Development
	EndGlobalSection
	GlobalSection(SolutionProperties) = preSolution
		HideSolutionNode = FALSE
	EndGlobalSection
	GlobalSection(ExtensibilityGlobals) = postSolution
		SolutionGuid = {27C00B7A-5B8B-4217-85B0-5F5BC4367B91}
	EndGlobalSection
EndGlobal
