
Microsoft Visual Studio Solution File, Format Version 12.00
# Visual Studio Version 16
VisualStudioVersion = 16.0.31019.35
MinimumVisualStudioVersion = 10.0.40219.1
Project("{159641D6-6404-4A2A-AE62-294DE0FE8301}") = "Sample", "Sample\Sample.dtproj", "{2E806954-12B7-4F0B-84AE-699ADF5A5579}"
EndProject
Global
	GlobalSection(SolutionConfigurationPlatforms) = preSolution
		Development|Default = Development|Default
	EndGlobalSection
	GlobalSection(ProjectConfigurationPlatforms) = postSolution
		{2E806954-12B7-4F0B-84AE-699ADF5A5579}.Development|Default.ActiveCfg = Development
		{2E806954-12B7-4F0B-84AE-699ADF5A5579}.Development|Default.Build.0 = Development
	EndGlobalSection
	GlobalSection(SolutionProperties) = preSolution
		HideSolutionNode = FALSE
	EndGlobalSection
	GlobalSection(ExtensibilityGlobals) = postSolution
		SolutionGuid = {66AEA96F-9EA1-4003-A5C0-00B732EDC612}
	EndGlobalSection
EndGlobal
